// !$*UTF8*$!
{
	archiveVersion = 1;
	classes = {
	};
	objectVersion = 55;
	objects = {

/* Begin PBXBuildFile section */
		0DD85F9728157A26007445F4 /* AppDelegate.swift in Sources */ = {isa = PBXBuildFile; fileRef = 0DD85F9628157A26007445F4 /* AppDelegate.swift */; };
		0DD85F9928157A26007445F4 /* SceneDelegate.swift in Sources */ = {isa = PBXBuildFile; fileRef = 0DD85F9828157A26007445F4 /* SceneDelegate.swift */; };
		0DD85F9B28157A26007445F4 /* ViewController.swift in Sources */ = {isa = PBXBuildFile; fileRef = 0DD85F9A28157A26007445F4 /* ViewController.swift */; };
		0DD85F9E28157A26007445F4 /* Main.storyboard in Resources */ = {isa = PBXBuildFile; fileRef = 0DD85F9C28157A26007445F4 /* Main.storyboard */; };
		0DD85FA028157A27007445F4 /* Assets.xcassets in Resources */ = {isa = PBXBuildFile; fileRef = 0DD85F9F28157A27007445F4 /* Assets.xcassets */; };
		0DD85FA328157A27007445F4 /* LaunchScreen.storyboard in Resources */ = {isa = PBXBuildFile; fileRef = 0DD85FA128157A27007445F4 /* LaunchScreen.storyboard */; };
		A96E90D1478A0CCE9074F9DE /* Pods_BrowserKitExample.framework in Frameworks */ = {isa = PBXBuildFile; fileRef = 97518169910E3E70C79815C1 /* Pods_BrowserKitExample.framework */; };
/* End PBXBuildFile section */

/* Begin PBXFileReference section */
		0DD85F9328157A26007445F4 /* BrowserKitExample.app */ = {isa = PBXFileReference; explicitFileType = wrapper.application; includeInIndex = 0; path = BrowserKitExample.app; sourceTree = BUILT_PRODUCTS_DIR; };
		0DD85F9628157A26007445F4 /* AppDelegate.swift */ = {isa = PBXFileReference; lastKnownFileType = sourcecode.swift; path = AppDelegate.swift; sourceTree = "<group>"; };
		0DD85F9828157A26007445F4 /* SceneDelegate.swift */ = {isa = PBXFileReference; lastKnownFileType = sourcecode.swift; path = SceneDelegate.swift; sourceTree = "<group>"; };
		0DD85F9A28157A26007445F4 /* ViewController.swift */ = {isa = PBXFileReference; lastKnownFileType = sourcecode.swift; path = ViewController.swift; sourceTree = "<group>"; };
		0DD85F9D28157A26007445F4 /* Base */ = {isa = PBXFileReference; lastKnownFileType = file.storyboard; name = Base; path = Base.lproj/Main.storyboard; sourceTree = "<group>"; };
		0DD85F9F28157A27007445F4 /* Assets.xcassets */ = {isa = PBXFileReference; lastKnownFileType = folder.assetcatalog; path = Assets.xcassets; sourceTree = "<group>"; };
		0DD85FA228157A27007445F4 /* Base */ = {isa = PBXFileReference; lastKnownFileType = file.storyboard; name = Base; path = Base.lproj/LaunchScreen.storyboard; sourceTree = "<group>"; };
		0DD85FA428157A27007445F4 /* Info.plist */ = {isa = PBXFileReference; lastKnownFileType = text.plist.xml; path = Info.plist; sourceTree = "<group>"; };
		460B34B1D4D4C80A7B20A477 /* Pods-BrowserKitExample.debug.xcconfig */ = {isa = PBXFileReference; includeInIndex = 1; lastKnownFileType = text.xcconfig; name = "Pods-BrowserKitExample.debug.xcconfig"; path = "Target Support Files/Pods-BrowserKitExample/Pods-BrowserKitExample.debug.xcconfig"; sourceTree = "<group>"; };
		97518169910E3E70C79815C1 /* Pods_BrowserKitExample.framework */ = {isa = PBXFileReference; explicitFileType = wrapper.framework; includeInIndex = 0; path = Pods_BrowserKitExample.framework; sourceTree = BUILT_PRODUCTS_DIR; };
		D78AB58AAA0DF94BBFAFDA4A /* Pods-BrowserKitExample.release.xcconfig */ = {isa = PBXFileReference; includeInIndex = 1; lastKnownFileType = text.xcconfig; name = "Pods-BrowserKitExample.release.xcconfig"; path = "Target Support Files/Pods-BrowserKitExample/Pods-BrowserKitExample.release.xcconfig"; sourceTree = "<group>"; };
/* End PBXFileReference section */

/* Begin PBXFrameworksBuildPhase section */
		0DD85F9028157A26007445F4 /* Frameworks */ = {
			isa = PBXFrameworksBuildPhase;
			buildActionMask = 2147483647;
			files = (
				A96E90D1478A0CCE9074F9DE /* Pods_BrowserKitExample.framework in Frameworks */,
			);
			runOnlyForDeploymentPostprocessing = 0;
		};
/* End PBXFrameworksBuildPhase section */

/* Begin PBXGroup section */
		0DD85F8A28157A26007445F4 = {
			isa = PBXGroup;
			children = (
				0DD85F9528157A26007445F4 /* BrowserKitExample */,
				0DD85F9428157A26007445F4 /* Products */,
				B9A531EE0D3A8B294C9E6CD6 /* Pods */,
				B4718A14AC284FD5C165E069 /* Frameworks */,
			);
			sourceTree = "<group>";
		};
		0DD85F9428157A26007445F4 /* Products */ = {
			isa = PBXGroup;
			children = (
				0DD85F9328157A26007445F4 /* BrowserKitExample.app */,
			);
			name = Products;
			sourceTree = "<group>";
		};
		0DD85F9528157A26007445F4 /* BrowserKitExample */ = {
			isa = PBXGroup;
			children = (
				0DD85F9628157A26007445F4 /* AppDelegate.swift */,
				0DD85F9828157A26007445F4 /* SceneDelegate.swift */,
				0DD85F9A28157A26007445F4 /* ViewController.swift */,
				0DD85F9C28157A26007445F4 /* Main.storyboard */,
				0DD85F9F28157A27007445F4 /* Assets.xcassets */,
				0DD85FA128157A27007445F4 /* LaunchScreen.storyboard */,
				0DD85FA428157A27007445F4 /* Info.plist */,
			);
			path = BrowserKitExample;
			sourceTree = "<group>";
		};
		B4718A14AC284FD5C165E069 /* Frameworks */ = {
			isa = PBXGroup;
			children = (
				97518169910E3E70C79815C1 /* Pods_BrowserKitExample.framework */,
			);
			name = Frameworks;
			sourceTree = "<group>";
		};
		B9A531EE0D3A8B294C9E6CD6 /* Pods */ = {
			isa = PBXGroup;
			children = (
				460B34B1D4D4C80A7B20A477 /* Pods-BrowserKitExample.debug.xcconfig */,
				D78AB58AAA0DF94BBFAFDA4A /* Pods-BrowserKitExample.release.xcconfig */,
			);
			name = Pods;
			path = Pods;
			sourceTree = "<group>";
		};
/* End PBXGroup section */

/* Begin PBXNativeTarget section */
		0DD85F9228157A26007445F4 /* BrowserKitExample */ = {
			isa = PBXNativeTarget;
			buildConfigurationList = 0DD85FA728157A27007445F4 /* Build configuration list for PBXNativeTarget "BrowserKitExample" */;
			buildPhases = (
				B35081867FB6D5F59765B78F /* [CP] Check Pods Manifest.lock */,
				0DD85F8F28157A26007445F4 /* Sources */,
				0DD85F9028157A26007445F4 /* Frameworks */,
				0DD85F9128157A26007445F4 /* Resources */,
				209A25F74F20472F9D592E83 /* [CP] Embed Pods Frameworks */,
			);
			buildRules = (
			);
			dependencies = (
			);
			name = BrowserKitExample;
			productName = BrowserKitExample;
			productReference = 0DD85F9328157A26007445F4 /* BrowserKitExample.app */;
			productType = "com.apple.product-type.application";
		};
/* End PBXNativeTarget section */

/* Begin PBXProject section */
		0DD85F8B28157A26007445F4 /* Project object */ = {
			isa = PBXProject;
			attributes = {
				BuildIndependentTargetsInParallel = 1;
				LastSwiftUpdateCheck = 1330;
				LastUpgradeCheck = 1330;
				TargetAttributes = {
					0DD85F9228157A26007445F4 = {
						CreatedOnToolsVersion = 13.3.1;
					};
				};
			};
			buildConfigurationList = 0DD85F8E28157A26007445F4 /* Build configuration list for PBXProject "BrowserKitExample" */;
			compatibilityVersion = "Xcode 13.0";
			developmentRegion = en;
			hasScannedForEncodings = 0;
			knownRegions = (
				en,
				Base,
			);
			mainGroup = 0DD85F8A28157A26007445F4;
			productRefGroup = 0DD85F9428157A26007445F4 /* Products */;
			projectDirPath = "";
			projectRoot = "";
			targets = (
				0DD85F9228157A26007445F4 /* BrowserKitExample */,
			);
		};
/* End PBXProject section */

/* Begin PBXResourcesBuildPhase section */
		0DD85F9128157A26007445F4 /* Resources */ = {
			isa = PBXResourcesBuildPhase;
			buildActionMask = 2147483647;
			files = (
				0DD85FA328157A27007445F4 /* LaunchScreen.storyboard in Resources */,
				0DD85FA028157A27007445F4 /* Assets.xcassets in Resources */,
				0DD85F9E28157A26007445F4 /* Main.storyboard in Resources */,
			);
			runOnlyForDeploymentPostprocessing = 0;
		};
/* End PBXResourcesBuildPhase section */

/* Begin PBXShellScriptBuildPhase section */
		209A25F74F20472F9D592E83 /* [CP] Embed Pods Frameworks */ = {
			isa = PBXShellScriptBuildPhase;
			buildActionMask = 2147483647;
			files = (
			);
			inputFileListPaths = (
				"${PODS_ROOT}/Target Support Files/Pods-BrowserKitExample/Pods-BrowserKitExample-frameworks-${CONFIGURATION}-input-files.xcfilelist",
			);
			name = "[CP] Embed Pods Frameworks";
			outputFileListPaths = (
				"${PODS_ROOT}/Target Support Files/Pods-BrowserKitExample/Pods-BrowserKitExample-frameworks-${CONFIGURATION}-output-files.xcfilelist",
			);
			runOnlyForDeploymentPostprocessing = 0;
			shellPath = /bin/sh;
			shellScript = "\"${PODS_ROOT}/Target Support Files/Pods-BrowserKitExample/Pods-BrowserKitExample-frameworks.sh\"\n";
			showEnvVarsInLog = 0;
		};
		B35081867FB6D5F59765B78F /* [CP] Check Pods Manifest.lock */ = {
			isa = PBXShellScriptBuildPhase;
			buildActionMask = 2147483647;
			files = (
			);
			inputFileListPaths = (
			);
			inputPaths = (
				"${PODS_PODFILE_DIR_PATH}/Podfile.lock",
				"${PODS_ROOT}/Manifest.lock",
			);
			name = "[CP] Check Pods Manifest.lock";
			outputFileListPaths = (
			);
			outputPaths = (
				"$(DERIVED_FILE_DIR)/Pods-BrowserKitExample-checkManifestLockResult.txt",
			);
			runOnlyForDeploymentPostprocessing = 0;
			shellPath = /bin/sh;
			shellScript = "diff \"${PODS_PODFILE_DIR_PATH}/Podfile.lock\" \"${PODS_ROOT}/Manifest.lock\" > /dev/null\nif [ $? != 0 ] ; then\n    # print error to STDERR\n    echo \"error: The sandbox is not in sync with the Podfile.lock. Run 'pod install' or update your CocoaPods installation.\" >&2\n    exit 1\nfi\n# This output is used by Xcode 'outputs' to avoid re-running this script phase.\necho \"SUCCESS\" > \"${SCRIPT_OUTPUT_FILE_0}\"\n";
			showEnvVarsInLog = 0;
		};
/* End PBXShellScriptBuildPhase section */

/* Begin PBXSourcesBuildPhase section */
		0DD85F8F28157A26007445F4 /* Sources */ = {
			isa = PBXSourcesBuildPhase;
			buildActionMask = 2147483647;
			files = (
				0DD85F9B28157A26007445F4 /* ViewController.swift in Sources */,
				0DD85F9728157A26007445F4 /* AppDelegate.swift in Sources */,
				0DD85F9928157A26007445F4 /* SceneDelegate.swift in Sources */,
			);
			runOnlyForDeploymentPostprocessing = 0;
		};
/* End PBXSourcesBuildPhase section */

/* Begin PBXVariantGroup section */
		0DD85F9C28157A26007445F4 /* Main.storyboard */ = {
			isa = PBXVariantGroup;
			children = (
				0DD85F9D28157A26007445F4 /* Base */,
			);
			name = Main.storyboard;
			sourceTree = "<group>";
		};
		0DD85FA128157A27007445F4 /* LaunchScreen.storyboard */ = {
			isa = PBXVariantGroup;
			children = (
				0DD85FA228157A27007445F4 /* Base */,
			);
			name = LaunchScreen.storyboard;
			sourceTree = "<group>";
		};
/* End PBXVariantGroup section */

/* Begin XCBuildConfiguration section */
		0DD85FA528157A27007445F4 /* Debug */ = {
			isa = XCBuildConfiguration;
			buildSettings = {
				ALWAYS_SEARCH_USER_PATHS = NO;
				CLANG_ANALYZER_NONNULL = YES;
				CLANG_ANALYZER_NUMBER_OBJECT_CONVERSION = YES_AGGRESSIVE;
				CLANG_CXX_LANGUAGE_STANDARD = "gnu++17";
				CLANG_ENABLE_MODULES = YES;
				CLANG_ENABLE_OBJC_ARC = YES;
				CLANG_ENABLE_OBJC_WEAK = YES;
				CLANG_WARN_BLOCK_CAPTURE_AUTORELEASING = YES;
				CLANG_WARN_BOOL_CONVERSION = YES;
				CLANG_WARN_COMMA = YES;
				CLANG_WARN_CONSTANT_CONVERSION = YES;
				CLANG_WARN_DEPRECATED_OBJC_IMPLEMENTATIONS = YES;
				CLANG_WARN_DIRECT_OBJC_ISA_USAGE = YES_ERROR;
				CLANG_WARN_DOCUMENTATION_COMMENTS = YES;
				CLANG_WARN_EMPTY_BODY = YES;
				CLANG_WARN_ENUM_CONVERSION = YES;
				CLANG_WARN_INFINITE_RECURSION = YES;
				CLANG_WARN_INT_CONVERSION = YES;
				CLANG_WARN_NON_LITERAL_NULL_CONVERSION = YES;
				CLANG_WARN_OBJC_IMPLICIT_RETAIN_SELF = YES;
				CLANG_WARN_OBJC_LITERAL_CONVERSION = YES;
				CLANG_WARN_OBJC_ROOT_CLASS = YES_ERROR;
				CLANG_WARN_QUOTED_INCLUDE_IN_FRAMEWORK_HEADER = YES;
				CLANG_WARN_RANGE_LOOP_ANALYSIS = YES;
				CLANG_WARN_STRICT_PROTOTYPES = YES;
				CLANG_WARN_SUSPICIOUS_MOVE = YES;
				CLANG_WARN_UNGUARDED_AVAILABILITY = YES_AGGRESSIVE;
				CLANG_WARN_UNREACHABLE_CODE = YES;
				CLANG_WARN__DUPLICATE_METHOD_MATCH = YES;
				COPY_PHASE_STRIP = NO;
				DEBUG_INFORMATION_FORMAT = dwarf;
				ENABLE_STRICT_OBJC_MSGSEND = YES;
				ENABLE_TESTABILITY = YES;
				GCC_C_LANGUAGE_STANDARD = gnu11;
				GCC_DYNAMIC_NO_PIC = NO;
				GCC_NO_COMMON_BLOCKS = YES;
				GCC_OPTIMIZATION_LEVEL = 0;
				GCC_PREPROCESSOR_DEFINITIONS = (
					"DEBUG=1",
					"$(inherited)",
				);
				GCC_WARN_64_TO_32_BIT_CONVERSION = YES;
				GCC_WARN_ABOUT_RETURN_TYPE = YES_ERROR;
				GCC_WARN_UNDECLARED_SELECTOR = YES;
				GCC_WARN_UNINITIALIZED_AUTOS = YES_AGGRESSIVE;
				GCC_WARN_UNUSED_FUNCTION = YES;
				GCC_WARN_UNUSED_VARIABLE = YES;
				IPHONEOS_DEPLOYMENT_TARGET = 15.4;
				MTL_ENABLE_DEBUG_INFO = INCLUDE_SOURCE;
				MTL_FAST_MATH = YES;
				ONLY_ACTIVE_ARCH = YES;
				SDKROOT = iphoneos;
				SWIFT_ACTIVE_COMPILATION_CONDITIONS = DEBUG;
				SWIFT_OPTIMIZATION_LEVEL = "-Onone";
			};
			name = Debug;
		};
		0DD85FA628157A27007445F4 /* Release */ = {
			isa = XCBuildConfiguration;
			buildSettings = {
				ALWAYS_SEARCH_USER_PATHS = NO;
				CLANG_ANALYZER_NONNULL = YES;
				CLANG_ANALYZER_NUMBER_OBJECT_CONVERSION = YES_AGGRESSIVE;
				CLANG_CXX_LANGUAGE_STANDARD = "gnu++17";
				CLANG_ENABLE_MODULES = YES;
				CLANG_ENABLE_OBJC_ARC = YES;
				CLANG_ENABLE_OBJC_WEAK = YES;
				CLANG_WARN_BLOCK_CAPTURE_AUTORELEASING = YES;
				CLANG_WARN_BOOL_CONVERSION = YES;
				CLANG_WARN_COMMA = YES;
				CLANG_WARN_CONSTANT_CONVERSION = YES;
				CLANG_WARN_DEPRECATED_OBJC_IMPLEMENTATIONS = YES;
				CLANG_WARN_DIRECT_OBJC_ISA_USAGE = YES_ERROR;
				CLANG_WARN_DOCUMENTATION_COMMENTS = YES;
				CLANG_WARN_EMPTY_BODY = YES;
				CLANG_WARN_ENUM_CONVERSION = YES;
				CLANG_WARN_INFINITE_RECURSION = YES;
				CLANG_WARN_INT_CONVERSION = YES;
				CLANG_WARN_NON_LITERAL_NULL_CONVERSION = YES;
				CLANG_WARN_OBJC_IMPLICIT_RETAIN_SELF = YES;
				CLANG_WARN_OBJC_LITERAL_CONVERSION = YES;
				CLANG_WARN_OBJC_ROOT_CLASS = YES_ERROR;
				CLANG_WARN_QUOTED_INCLUDE_IN_FRAMEWORK_HEADER = YES;
				CLANG_WARN_RANGE_LOOP_ANALYSIS = YES;
				CLANG_WARN_STRICT_PROTOTYPES = YES;
				CLANG_WARN_SUSPICIOUS_MOVE = YES;
				CLANG_WARN_UNGUARDED_AVAILABILITY = YES_AGGRESSIVE;
				CLANG_WARN_UNREACHABLE_CODE = YES;
				CLANG_WARN__DUPLICATE_METHOD_MATCH = YES;
				COPY_PHASE_STRIP = NO;
				DEBUG_INFORMATION_FORMAT = "dwarf-with-dsym";
				ENABLE_NS_ASSERTIONS = NO;
				ENABLE_STRICT_OBJC_MSGSEND = YES;
				GCC_C_LANGUAGE_STANDARD = gnu11;
				GCC_NO_COMMON_BLOCKS = YES;
				GCC_WARN_64_TO_32_BIT_CONVERSION = YES;
				GCC_WARN_ABOUT_RETURN_TYPE = YES_ERROR;
				GCC_WARN_UNDECLARED_SELECTOR = YES;
				GCC_WARN_UNINITIALIZED_AUTOS = YES_AGGRESSIVE;
				GCC_WARN_UNUSED_FUNCTION = YES;
				GCC_WARN_UNUSED_VARIABLE = YES;
				IPHONEOS_DEPLOYMENT_TARGET = 15.4;
				MTL_ENABLE_DEBUG_INFO = NO;
				MTL_FAST_MATH = YES;
				SDKROOT = iphoneos;
				SWIFT_COMPILATION_MODE = wholemodule;
				SWIFT_OPTIMIZATION_LEVEL = "-O";
				VALIDATE_PRODUCT = YES;
			};
			name = Release;
		};
		0DD85FA828157A27007445F4 /* Debug */ = {
			isa = XCBuildConfiguration;
			baseConfigurationReference = 460B34B1D4D4C80A7B20A477 /* Pods-BrowserKitExample.debug.xcconfig */;
			buildSettings = {
				ASSETCATALOG_COMPILER_APPICON_NAME = AppIcon;
				ASSETCATALOG_COMPILER_GLOBAL_ACCENT_COLOR_NAME = AccentColor;
				CODE_SIGN_STYLE = Automatic;
				CURRENT_PROJECT_VERSION = 1;
				DEVELOPMENT_TEAM = V6TK3T5LMM;
				GENERATE_INFOPLIST_FILE = YES;
				INFOPLIST_FILE = BrowserKitExample/Info.plist;
				INFOPLIST_KEY_UIApplicationSupportsIndirectInputEvents = YES;
				INFOPLIST_KEY_UILaunchStoryboardName = LaunchScreen;
				INFOPLIST_KEY_UIMainStoryboardFile = Main;
				INFOPLIST_KEY_UISupportedInterfaceOrientations_iPad = "UIInterfaceOrientationPortrait UIInterfaceOrientationPortraitUpsideDown UIInterfaceOrientationLandscapeLeft UIInterfaceOrientationLandscapeRight";
				INFOPLIST_KEY_UISupportedInterfaceOrientations_iPhone = "UIInterfaceOrientationPortrait UIInterfaceOrientationLandscapeLeft UIInterfaceOrientationLandscapeRight";
				LD_RUNPATH_SEARCH_PATHS = (
					"$(inherited)",
					"@executable_path/Frameworks",
				);
				MARKETING_VERSION = 1.0;
				PRODUCT_BUNDLE_IDENTIFIER = com.chanjh.GCWebContainer.example.BrowserKitExample.BrowserKitExample;
				PRODUCT_NAME = "$(TARGET_NAME)";
				SWIFT_EMIT_LOC_STRINGS = YES;
				SWIFT_VERSION = 5.0;
				TARGETED_DEVICE_FAMILY = "1,2";
			};
			name = Debug;
		};
		0DD85FA928157A27007445F4 /* Release */ = {
			isa = XCBuildConfiguration;
			baseConfigurationReference = D78AB58AAA0DF94BBFAFDA4A /* Pods-BrowserKitExample.release.xcconfig */;
			buildSettings = {
				ASSETCATALOG_COMPILER_APPICON_NAME = AppIcon;
				ASSETCATALOG_COMPILER_GLOBAL_ACCENT_COLOR_NAME = AccentColor;
				CODE_SIGN_STYLE = Automatic;
				CURRENT_PROJECT_VERSION = 1;
				DEVELOPMENT_TEAM = V6TK3T5LMM;
				GENERATE_INFOPLIST_FILE = YES;
				INFOPLIST_FILE = BrowserKitExample/Info.plist;
				INFOPLIST_KEY_UIApplicationSupportsIndirectInputEvents = YES;
				INFOPLIST_KEY_UILaunchStoryboardName = LaunchScreen;
				INFOPLIST_KEY_UIMainStoryboardFile = Main;
				INFOPLIST_KEY_UISupportedInterfaceOrientations_iPad = "UIInterfaceOrientationPortrait UIInterfaceOrientationPortraitUpsideDown UIInterfaceOrientationLandscapeLeft UIInterfaceOrientationLandscapeRight";
				INFOPLIST_KEY_UISupportedInterfaceOrientations_iPhone = "UIInterfaceOrientationPortrait UIInterfaceOrientationLandscapeLeft UIInterfaceOrientationLandscapeRight";
				LD_RUNPATH_SEARCH_PATHS = (
					"$(inherited)",
					"@executable_path/Frameworks",
				);
				MARKETING_VERSION = 1.0;
				PRODUCT_BUNDLE_IDENTIFIER = com.chanjh.GCWebContainer.example.BrowserKitExample.BrowserKitExample;
				PRODUCT_NAME = "$(TARGET_NAME)";
				SWIFT_EMIT_LOC_STRINGS = YES;
				SWIFT_VERSION = 5.0;
				TARGETED_DEVICE_FAMILY = "1,2";
			};
			name = Release;
		};
/* End XCBuildConfiguration section */

/* Begin XCConfigurationList section */
		0DD85F8E28157A26007445F4 /* Build configuration list for PBXProject "BrowserKitExample" */ = {
			isa = XCConfigurationList;
			buildConfigurations = (
				0DD85FA528157A27007445F4 /* Debug */,
				0DD85FA628157A27007445F4 /* Release */,
			);
			defaultConfigurationIsVisible = 0;
			defaultConfigurationName = Release;
		};
		0DD85FA728157A27007445F4 /* Build configuration list for PBXNativeTarget "BrowserKitExample" */ = {
			isa = XCConfigurationList;
			buildConfigurations = (
				0DD85FA828157A27007445F4 /* Debug */,
				0DD85FA928157A27007445F4 /* Release */,
			);
			defaultConfigurationIsVisible = 0;
			defaultConfigurationName = Release;
		};
/* End XCConfigurationList section */
	};
	rootObject = 0DD85F8B28157A26007445F4 /* Project object */;
}
